{
  "object": {
    "pins": [
      {
        "package": "SwiftDux",
        "repositoryURL": "https://github.com/StevenLambion/SwiftDux.git",
        "state": {
          "branch": null,
          "revision": "18372f86b79445386f6d871cfa5b2fa0f3d3e94a",
          "version": "1.2.2"
        }
      }
    ]
  },
  "version": 1
}
